
Microsoft Visual Studio Solution File, Format Version 12.00
Project("{FAE04EC0-301F-11D3-BF4B-00C04F79EFBC}") = "csharp-net8", "csharp-net8.csproj", "{4DAE78B3-0FE8-4C83-8586-5AAC0E9C6C1A}"
EndProject
Global
	GlobalSection(SolutionConfigurationPlatforms) = preSolution
		Debug|Any CPU = Debug|Any CPU
		Release|Any CPU = Release|Any CPU
	EndGlobalSection
	GlobalSection(ProjectConfigurationPlatforms) = postSolution
		{4DAE78B3-0FE8-4C83-8586-5AAC0E9C6C1A}.Debug|Any CPU.ActiveCfg = Debug|Any CPU
		{4DAE78B3-0FE8-4C83-8586-5AAC0E9C6C1A}.Debug|Any CPU.Build.0 = Debug|Any CPU
		{4DAE78B3-0FE8-4C83-8586-5AAC0E9C6C1A}.Release|Any CPU.ActiveCfg = Release|Any CPU
		{4DAE78B3-0FE8-4C83-8586-5AAC0E9C6C1A}.Release|Any CPU.Build.0 = Release|Any CPU
	EndGlobalSection
EndGlobal
